<?xml version="1.0" encoding="utf-8"?>
<Project ToolsVersion="4.0" xmlns="http://schemas.microsoft.com/developer/msbuild/2003">
  <ItemGroup>
    <Filter Include="Fichiers sources">
      <UniqueIdentifier>{4FC737F1-C7A5-4376-A066-2A32D752A2FF}</UniqueIdentifier>
      <Extensions>cpp;c;cc;cxx;c++;cppm;ixx;def;odl;idl;hpj;bat;asm;asmx</Extensions>
    </Filter>
    <Filter Include="Fichiers d%27en-tête">
      <UniqueIdentifier>{93995380-89BD-4b04-88EB-625FBE52EBFB}</UniqueIdentifier>
      <Extensions>h;hh;hpp;hxx;h++;hm;inl;inc;ipp;xsd</Extensions>
    </Filter>
    <Filter Include="Fichiers de ressources">
      <UniqueIdentifier>{67DA6AB6-F800-4c08-8B7A-83BB121AAD01}</UniqueIdentifier>
      <Extensions>rc;ico;cur;bmp;dlg;rc2;rct;bin;rgs;gif;jpg;jpeg;jpe;resx;tiff;tif;png;wav;mfcribbon-ms</Extensions>
    </Filter>
    <Filter Include="Fichiers d%27en-tête\Core">
      <UniqueIdentifier>{601b7a72-6829-45e0-8d60-a2a2c075d36f}</UniqueIdentifier>
    </Filter>
    <Filter Include="Fichiers d%27en-tête\Utils">
      <UniqueIdentifier>{35af11c0-aeba-4114-8351-d695787f9131}</UniqueIdentifier>
    </Filter>
    <Filter Include="Fichiers sources\source">
      <UniqueIdentifier>{f6947e6c-d7c4-4575-b220-57182b008b2c}</UniqueIdentifier>
    </Filter>
    <Filter Include="Fichiers sources\source\Core">
      <UniqueIdentifier>{d5d6fd48-1ce9-400a-b57a-b500733b3c45}</UniqueIdentifier>
    </Filter>
  </ItemGroup>
  <ItemGroup>
    <ClCompile Include="src\Core\debug.cpp">
      <Filter>Fichiers sources\source\Core</Filter>
    </ClCompile>
    <ClCompile Include="interfaces\debug_wrap.cxx">
      <Filter>Fichiers sources\source\Core</Filter>
    </ClCompile>
    <ClCompile Include="wrappers\debug_wrapper.cpp">
      <Filter>Fichiers sources\source\Core</Filter>
    </ClCompile>
  </ItemGroup>
  <ItemGroup>
    <ClInclude Include="include\Utils\concurrent_queue.hpp">
      <Filter>Fichiers d%27en-tête\Utils</Filter>
    </ClInclude>
    <ClInclude Include="include\Utils\singleton.hpp">
      <Filter>Fichiers d%27en-tête\Utils</Filter>
    </ClInclude>
    <ClInclude Include="wrappers\debug_wrapper.hpp">
      <Filter>Fichiers d%27en-tête</Filter>
    </ClInclude>
    <ClInclude Include="include\Core\debug.hpp">
      <Filter>Fichiers d%27en-tête\Core</Filter>
    </ClInclude>
  </ItemGroup>
  <ItemGroup>
    <None Include="interfaces\debug.i">
      <Filter>Fichiers sources</Filter>
    </None>
  </ItemGroup>
</Project>