<?xml version="1.0" encoding="utf-8"?>
<Project ToolsVersion="4.0" xmlns="http://schemas.microsoft.com/developer/msbuild/2003">
  <ItemGroup>
    <Filter Include="Fichiers sources">
      <UniqueIdentifier>{4FC737F1-C7A5-4376-A066-2A32D752A2FF}</UniqueIdentifier>
      <Extensions>cpp;c;cc;cxx;c++;cppm;ixx;def;odl;idl;hpj;bat;asm;asmx</Extensions>
    </Filter>
    <Filter Include="Fichiers d%27en-tête">
      <UniqueIdentifier>{93995380-89BD-4b04-88EB-625FBE52EBFB}</UniqueIdentifier>
      <Extensions>h;hh;hpp;hxx;h++;hm;inl;inc;ipp;xsd</Extensions>
    </Filter>
    <Filter Include="Fichiers de ressources">
      <UniqueIdentifier>{67DA6AB6-F800-4c08-8B7A-83BB121AAD01}</UniqueIdentifier>
      <Extensions>rc;ico;cur;bmp;dlg;rc2;rct;bin;rgs;gif;jpg;jpeg;jpe;resx;tiff;tif;png;wav;mfcribbon-ms</Extensions>
    </Filter>
    <Filter Include="Fichiers d%27en-tête\external">
      <UniqueIdentifier>{77bc15d8-8f2f-4f05-b205-9838d9f700ad}</UniqueIdentifier>
    </Filter>
    <Filter Include="Fichiers d%27en-tête\Core">
      <UniqueIdentifier>{601b7a72-6829-45e0-8d60-a2a2c075d36f}</UniqueIdentifier>
    </Filter>
    <Filter Include="Fichiers d%27en-tête\Utils">
      <UniqueIdentifier>{35af11c0-aeba-4114-8351-d695787f9131}</UniqueIdentifier>
    </Filter>
    <Filter Include="Fichiers sources\Core">
      <UniqueIdentifier>{d5d6fd48-1ce9-400a-b57a-b500733b3c45}</UniqueIdentifier>
    </Filter>
    <Filter Include="Fichiers sources\ThirdParty">
      <UniqueIdentifier>{f1d9b43e-2b63-40ee-a4d4-dab79bb85508}</UniqueIdentifier>
    </Filter>
    <Filter Include="Fichiers sources\ThirdParty\ImGui">
      <UniqueIdentifier>{75e59472-fba3-43e8-92de-d274cd501d52}</UniqueIdentifier>
    </Filter>
    <Filter Include="Fichiers d%27en-tête\Resources">
      <UniqueIdentifier>{7a3d26f9-81e2-41ee-922d-aed3d87d0ed6}</UniqueIdentifier>
    </Filter>
    <Filter Include="Fichiers sources\Resources">
      <UniqueIdentifier>{d1e28711-82c3-4bda-bffc-96c0d718e1f0}</UniqueIdentifier>
    </Filter>
    <Filter Include="Fichiers sources\Utils">
      <UniqueIdentifier>{3f64a28b-ee77-4b89-8972-4dca80460d5a}</UniqueIdentifier>
    </Filter>
    <Filter Include="Fichiers d%27en-tête\Engine">
      <UniqueIdentifier>{b260d1d9-4235-4f95-aa3c-bac3c2fc2eac}</UniqueIdentifier>
    </Filter>
    <Filter Include="Fichiers sources\Engine">
      <UniqueIdentifier>{e03ed8e4-0b2f-461c-81ce-6717c207681d}</UniqueIdentifier>
    </Filter>
    <Filter Include="Fichiers d%27en-tête\Engine\Physics">
      <UniqueIdentifier>{b239ab45-44f9-4480-aba5-8ebfd0606ff9}</UniqueIdentifier>
    </Filter>
    <Filter Include="Fichiers sources\Engine\Physics">
      <UniqueIdentifier>{1fd4e3f9-dd20-41a5-a9e8-a36aa0102e88}</UniqueIdentifier>
    </Filter>
    <Filter Include="Fichiers d%27en-tête\Engine\Render">
      <UniqueIdentifier>{b3322f59-d3ae-46d3-b7d4-f637955fc1aa}</UniqueIdentifier>
    </Filter>
    <Filter Include="Fichiers sources\Engine\Render">
      <UniqueIdentifier>{c8b3f9c5-d759-4dd6-8f6e-d909fbfd1555}</UniqueIdentifier>
    </Filter>
    <Filter Include="Fichiers d%27en-tête\Engine\Render\LowRenderer">
      <UniqueIdentifier>{f9886134-10d1-460f-8678-4315b04edf5c}</UniqueIdentifier>
    </Filter>
    <Filter Include="Fichiers sources\Engine\Render\LowRenderer">
      <UniqueIdentifier>{1abba2a0-9545-4e39-981b-209b6f3a037f}</UniqueIdentifier>
    </Filter>
  </ItemGroup>
  <ItemGroup>
    <ClCompile Include="src\main.cpp">
      <Filter>Fichiers sources</Filter>
    </ClCompile>
    <ClCompile Include="src\glad.c">
      <Filter>Fichiers sources</Filter>
    </ClCompile>
    <ClCompile Include="src\Core\application.cpp">
      <Filter>Fichiers sources\Core</Filter>
    </ClCompile>
    <ClCompile Include="src\imgui.cpp">
      <Filter>Fichiers sources\ThirdParty\ImGui</Filter>
    </ClCompile>
    <ClCompile Include="src\imgui_demo.cpp">
      <Filter>Fichiers sources\ThirdParty\ImGui</Filter>
    </ClCompile>
    <ClCompile Include="src\imgui_draw.cpp">
      <Filter>Fichiers sources\ThirdParty\ImGui</Filter>
    </ClCompile>
    <ClCompile Include="src\imgui_impl_glfw.cpp">
      <Filter>Fichiers sources\ThirdParty\ImGui</Filter>
    </ClCompile>
    <ClCompile Include="src\imgui_impl_opengl3.cpp">
      <Filter>Fichiers sources\ThirdParty\ImGui</Filter>
    </ClCompile>
    <ClCompile Include="src\imgui_widgets.cpp">
      <Filter>Fichiers sources\ThirdParty\ImGui</Filter>
    </ClCompile>
    <ClCompile Include="src\Resources\resources_manager.cpp">
      <Filter>Fichiers sources\Resources</Filter>
    </ClCompile>
    <ClCompile Include="src\Core\debug.cpp">
      <Filter>Fichiers sources\Core</Filter>
    </ClCompile>
    <ClCompile Include="src\Resources\shader.cpp">
      <Filter>Fichiers sources\Resources</Filter>
    </ClCompile>
    <ClCompile Include="src\Utils\utils.cpp">
      <Filter>Fichiers sources\Utils</Filter>
    </ClCompile>
    <ClCompile Include="src\Engine\engine_master.cpp">
      <Filter>Fichiers sources\Engine</Filter>
    </ClCompile>
    <ClCompile Include="src\Engine\Render\render_manager.cpp">
      <Filter>Fichiers sources\Engine\Render</Filter>
    </ClCompile>
    <ClCompile Include="src\Engine\Physics\physic_manager.cpp">
      <Filter>Fichiers sources\Engine\Physics</Filter>
    </ClCompile>
    <ClCompile Include="src\Core\time.cpp">
      <Filter>Fichiers sources\Core</Filter>
    </ClCompile>
    <ClCompile Include="src\Engine\Render\sprite_renderer.cpp">
      <Filter>Fichiers sources\Engine\Render\LowRenderer</Filter>
    </ClCompile>
    <ClCompile Include="src\Engine\object.cpp">
      <Filter>Fichiers sources\Engine</Filter>
    </ClCompile>
    <ClCompile Include="src\Engine\game_object.cpp">
      <Filter>Fichiers sources\Engine</Filter>
    </ClCompile>
    <ClCompile Include="src\Engine\component.cpp">
      <Filter>Fichiers sources\Engine</Filter>
    </ClCompile>
    <ClCompile Include="src\Engine\Render\renderer.cpp">
      <Filter>Fichiers sources\Engine\Render\LowRenderer</Filter>
    </ClCompile>
    <ClCompile Include="src\Engine\Render\model_renderer.cpp">
      <Filter>Fichiers sources\Engine\Render\LowRenderer</Filter>
    </ClCompile>
    <ClCompile Include="src\Engine\graph.cpp">
      <Filter>Fichiers sources\Engine</Filter>
    </ClCompile>
    <ClCompile Include="src\Resources\scene.cpp">
      <Filter>Fichiers sources\Resources</Filter>
    </ClCompile>
    <ClCompile Include="src\Core\color.cpp">
      <Filter>Fichiers sources\Core</Filter>
    </ClCompile>
    <ClCompile Include="src\Engine\Render\light.cpp">
      <Filter>Fichiers sources\Engine\Render\LowRenderer</Filter>
    </ClCompile>
  </ItemGroup>
  <ItemGroup>
    <ClInclude Include="header\stb_image.h">
      <Filter>Fichiers d%27en-tête\external</Filter>
    </ClInclude>
    <ClInclude Include="include\Core\application.hpp">
      <Filter>Fichiers d%27en-tête\Core</Filter>
    </ClInclude>
    <ClInclude Include="include\Utils\singleton.hpp">
      <Filter>Fichiers d%27en-tête\Utils</Filter>
    </ClInclude>
    <ClInclude Include="include\Resources\resources_manager.hpp">
      <Filter>Fichiers d%27en-tête\Resources</Filter>
    </ClInclude>
    <ClInclude Include="include\Core\debug.hpp">
      <Filter>Fichiers d%27en-tête\Core</Filter>
    </ClInclude>
    <ClInclude Include="include\Resources\shader.hpp">
      <Filter>Fichiers d%27en-tête\Resources</Filter>
    </ClInclude>
    <ClInclude Include="include\Utils\utils.hpp">
      <Filter>Fichiers d%27en-tête\Utils</Filter>
    </ClInclude>
    <ClInclude Include="include\Engine\engine_master.hpp">
      <Filter>Fichiers d%27en-tête\Engine</Filter>
    </ClInclude>
    <ClInclude Include="include\Engine\Physics\physic_manager.hpp">
      <Filter>Fichiers d%27en-tête\Engine\Physics</Filter>
    </ClInclude>
    <ClInclude Include="include\Engine\Render\render_manager.hpp">
      <Filter>Fichiers d%27en-tête\Engine\Render</Filter>
    </ClInclude>
    <ClInclude Include="include\Core\time.hpp">
      <Filter>Fichiers d%27en-tête\Core</Filter>
    </ClInclude>
    <ClInclude Include="include\Engine\object.hpp">
      <Filter>Fichiers d%27en-tête\Engine</Filter>
    </ClInclude>
    <ClInclude Include="include\Engine\game_object.hpp">
      <Filter>Fichiers d%27en-tête\Engine</Filter>
    </ClInclude>
    <ClInclude Include="include\Engine\component.hpp">
      <Filter>Fichiers d%27en-tête\Engine</Filter>
    </ClInclude>
    <ClInclude Include="include\Engine\renderer.hpp">
      <Filter>Fichiers d%27en-tête\Engine\Render\LowRenderer</Filter>
    </ClInclude>
    <ClInclude Include="include\Engine\model_renderer.hpp">
      <Filter>Fichiers d%27en-tête\Engine\Render\LowRenderer</Filter>
    </ClInclude>
    <ClInclude Include="include\Engine\sprite_renderer.hpp">
      <Filter>Fichiers d%27en-tête\Engine\Render\LowRenderer</Filter>
    </ClInclude>
    <ClInclude Include="include\Engine\graph.hpp">
      <Filter>Fichiers d%27en-tête\Engine</Filter>
    </ClInclude>
    <ClInclude Include="include\Resources\scene.hpp">
      <Filter>Fichiers d%27en-tête\Resources</Filter>
    </ClInclude>
    <ClInclude Include="include\Engine\Render\light.hpp">
      <Filter>Fichiers d%27en-tête\Engine\Render\LowRenderer</Filter>
    </ClInclude>
    <ClInclude Include="include\Core\color.hpp">
      <Filter>Fichiers d%27en-tête\Core</Filter>
    </ClInclude>
    <ClInclude Include="include\Core\maths.hpp">
      <Filter>Fichiers d%27en-tête\Core</Filter>
    </ClInclude>
  </ItemGroup>
</Project>