<?xml version="1.0" encoding="utf-8"?>
<Project ToolsVersion="4.0" xmlns="http://schemas.microsoft.com/developer/msbuild/2003">
  <ItemGroup>
    <Filter Include="Fichiers sources">
      <UniqueIdentifier>{4FC737F1-C7A5-4376-A066-2A32D752A2FF}</UniqueIdentifier>
      <Extensions>cpp;c;cc;cxx;c++;cppm;ixx;def;odl;idl;hpj;bat;asm;asmx</Extensions>
    </Filter>
    <Filter Include="Fichiers d%27en-tête">
      <UniqueIdentifier>{93995380-89BD-4b04-88EB-625FBE52EBFB}</UniqueIdentifier>
      <Extensions>h;hh;hpp;hxx;h++;hm;inl;inc;ipp;xsd</Extensions>
    </Filter>
    <Filter Include="Fichiers de ressources">
      <UniqueIdentifier>{67DA6AB6-F800-4c08-8B7A-83BB121AAD01}</UniqueIdentifier>
      <Extensions>rc;ico;cur;bmp;dlg;rc2;rct;bin;rgs;gif;jpg;jpeg;jpe;resx;tiff;tif;png;wav;mfcribbon-ms</Extensions>
    </Filter>
    <Filter Include="Fichiers sources\source">
      <UniqueIdentifier>{fc63197a-e469-4f19-b5a5-8741494c7f22}</UniqueIdentifier>
    </Filter>
    <Filter Include="Fichiers sources\source\Core">
      <UniqueIdentifier>{d5d6fd48-1ce9-400a-b57a-b500733b3c45}</UniqueIdentifier>
    </Filter>
    <Filter Include="Fichiers sources\source\Core\Input">
      <UniqueIdentifier>{5619c947-b597-4c83-99b9-82c85c0c321e}</UniqueIdentifier>
    </Filter>
    <Filter Include="Fichiers sources\interfaces">
      <UniqueIdentifier>{894edb1f-6208-467e-b139-59c59d82cf15}</UniqueIdentifier>
    </Filter>
    <Filter Include="Fichiers sources\wrappers">
      <UniqueIdentifier>{484cfc31-f1de-42ed-8d00-b585d53ef6ab}</UniqueIdentifier>
    </Filter>
    <Filter Include="Fichiers d%27en-tête\wrappers">
      <UniqueIdentifier>{c12313d6-2d58-4219-9266-7f8f0c0e550f}</UniqueIdentifier>
    </Filter>
    <Filter Include="Fichiers d%27en-tête\include">
      <UniqueIdentifier>{33a68974-bb48-4dfd-b8af-c2daa0027e90}</UniqueIdentifier>
    </Filter>
    <Filter Include="Fichiers d%27en-tête\include\Core">
      <UniqueIdentifier>{601b7a72-6829-45e0-8d60-a2a2c075d36f}</UniqueIdentifier>
    </Filter>
    <Filter Include="Fichiers d%27en-tête\include\Core\Input">
      <UniqueIdentifier>{97898d89-cd9f-44c9-9320-de52f541853f}</UniqueIdentifier>
    </Filter>
    <Filter Include="Fichiers d%27en-tête\include\Utils">
      <UniqueIdentifier>{35af11c0-aeba-4114-8351-d695787f9131}</UniqueIdentifier>
    </Filter>
  </ItemGroup>
  <ItemGroup>
    <ClCompile Include="src\Core\debug.cpp">
      <Filter>Fichiers sources\source\Core</Filter>
    </ClCompile>
    <ClCompile Include="src\Core\Input\inputs_manager.cpp">
      <Filter>Fichiers sources\source\Core\Input</Filter>
    </ClCompile>
    <ClCompile Include="src\Core\Input\key_axis.cpp">
      <Filter>Fichiers sources\source\Core\Input</Filter>
    </ClCompile>
    <ClCompile Include="src\Core\Input\key_button.cpp">
      <Filter>Fichiers sources\source\Core\Input</Filter>
    </ClCompile>
    <ClCompile Include="src\Core\Input\mouse_button.cpp">
      <Filter>Fichiers sources\source\Core\Input</Filter>
    </ClCompile>
    <ClCompile Include="interfaces\input_wrap.cxx">
      <Filter>Fichiers sources\interfaces</Filter>
    </ClCompile>
    <ClCompile Include="wrappers\input_wrapper.cpp">
      <Filter>Fichiers sources\wrappers</Filter>
    </ClCompile>
  </ItemGroup>
  <ItemGroup>
    <ClInclude Include="include\Core\Input\input.hpp">
      <Filter>Fichiers d%27en-tête\include\Core\Input</Filter>
    </ClInclude>
    <ClInclude Include="include\Core\Input\inputs_manager.hpp">
      <Filter>Fichiers d%27en-tête\include\Core\Input</Filter>
    </ClInclude>
    <ClInclude Include="include\Core\Input\key_axis.hpp">
      <Filter>Fichiers d%27en-tête\include\Core\Input</Filter>
    </ClInclude>
    <ClInclude Include="include\Core\Input\key_button.hpp">
      <Filter>Fichiers d%27en-tête\include\Core\Input</Filter>
    </ClInclude>
    <ClInclude Include="include\Core\Input\mouse_button.hpp">
      <Filter>Fichiers d%27en-tête\include\Core\Input</Filter>
    </ClInclude>
    <ClInclude Include="include\Utils\singleton.hpp">
      <Filter>Fichiers d%27en-tête\include\Utils</Filter>
    </ClInclude>
    <ClInclude Include="wrappers\input_wrapper.hpp">
      <Filter>Fichiers d%27en-tête\wrappers</Filter>
    </ClInclude>
    <ClInclude Include="..\common\include\debug.hpp">
      <Filter>Fichiers d%27en-tête\include\Core\Input</Filter>
    </ClInclude>
    <ClInclude Include="include\Utils\concurrent_queue.hpp">
      <Filter>Fichiers d%27en-tête\include\Utils</Filter>
    </ClInclude>
  </ItemGroup>
  <ItemGroup>
    <None Include="interfaces\input.i">
      <Filter>Fichiers sources\interfaces</Filter>
    </None>
  </ItemGroup>
</Project>